
Microsoft Visual Studio Solution File, Format Version 12.00
# Visual Studio Version 17
VisualStudioVersion = 17.11.35303.130
MinimumVisualStudioVersion = 10.0.40219.1
Project("{FAE04EC0-301F-11D3-BF4B-00C04F79EFBC}") = "GuarderiaApp", "GuarderiaApp.csproj", "{4FFFD802-7316-4EE0-82C5-96EDFE2340FF}"
EndProject
Global
	GlobalSection(SolutionConfigurationPlatforms) = preSolution
		Debug|Any CPU = Debug|Any CPU
		Release|Any CPU = Release|Any CPU
	EndGlobalSection
	GlobalSection(ProjectConfigurationPlatforms) = postSolution
		{4FFFD802-7316-4EE0-82C5-96EDFE2340FF}.Debug|Any CPU.ActiveCfg = Debug|Any CPU
		{4FFFD802-7316-4EE0-82C5-96EDFE2340FF}.Debug|Any CPU.Build.0 = Debug|Any CPU
		{4FFFD802-7316-4EE0-82C5-96EDFE2340FF}.Release|Any CPU.ActiveCfg = Release|Any CPU
		{4FFFD802-7316-4EE0-82C5-96EDFE2340FF}.Release|Any CPU.Build.0 = Release|Any CPU
	EndGlobalSection
	GlobalSection(SolutionProperties) = preSolution
		HideSolutionNode = FALSE
	EndGlobalSection
	GlobalSection(ExtensibilityGlobals) = postSolution
		SolutionGuid = {1DEEBA63-9B9A-4289-961C-8606AEF3B5EA}
	EndGlobalSection
EndGlobal
